Microsoft Visual Studio Solution File, Format Version 11.00
# Visual Studio 2010
Project("{D9E020C6-9F35-781F-176A-B14A70D1B4BE}") = "DetectO", "DetectO.vcxproj", "{DF103B26-EA97-6402-95F0-B45F9A2282D9}"
EndProject
Global
	GlobalSection(SolutionConfigurationPlatforms) = preSolution
		Debug|Win32 = Debug|Win32
		Release|Win32 = Release|Win32
	EndGlobalSection
	GlobalSection(ProjectConfigurationPlatforms) = postSolution
		{DF103B26-EA97-6402-95F0-B45F9A2282D9}.Debug|Win32.ActiveCfg = Debug|Win32
		{DF103B26-EA97-6402-95F0-B45F9A2282D9}.Debug|Win32.Build.0 = Debug|Win32
		{DF103B26-EA97-6402-95F0-B45F9A2282D9}.Release|Win32.ActiveCfg = Release|Win32
		{DF103B26-EA97-6402-95F0-B45F9A2282D9}.Release|Win32.Build.0 = Release|Win32
	EndGlobalSection
	GlobalSection(SolutionProperties) = preSolution
		HideSolutionNode = FALSE
	EndGlobalSection
EndGlobal
