Microsoft Visual Studio Solution File, Format Version 11.00
# Visual Studio 2010
Project("{BC908B98-600D-1BD7-EB40-EC0BF04DD28F}") = "JuceGL", "JuceGL.vcxproj", "{3EE6F176-5545-08BE-6DEE-727951EC6785}"
EndProject
Global
	GlobalSection(SolutionConfigurationPlatforms) = preSolution
		Debug|Win32 = Debug|Win32
		Release|Win32 = Release|Win32
	EndGlobalSection
	GlobalSection(ProjectConfigurationPlatforms) = postSolution
		{3EE6F176-5545-08BE-6DEE-727951EC6785}.Debug|Win32.ActiveCfg = Debug|Win32
		{3EE6F176-5545-08BE-6DEE-727951EC6785}.Debug|Win32.Build.0 = Debug|Win32
		{3EE6F176-5545-08BE-6DEE-727951EC6785}.Release|Win32.ActiveCfg = Release|Win32
		{3EE6F176-5545-08BE-6DEE-727951EC6785}.Release|Win32.Build.0 = Release|Win32
	EndGlobalSection
	GlobalSection(SolutionProperties) = preSolution
		HideSolutionNode = FALSE
	EndGlobalSection
EndGlobal
